
Microsoft Visual Studio Solution File, Format Version 12.00
# Visual Studio Version 17
VisualStudioVersion = 17.0.32112.339
MinimumVisualStudioVersion = 10.0.40219.1
Project("{FAE04EC0-301F-11D3-BF4B-00C04F79EFBC}") = "BussinessObjects", "BussinessObjects\BussinessObjects.csproj", "{2CDC593E-9294-43CF-9AAA-7CC1B54198E2}"
EndProject
Project("{FAE04EC0-301F-11D3-BF4B-00C04F79EFBC}") = "Repositories", "Repositories\Repositories.csproj", "{08F22205-58A5-4607-AD6B-D6B1F3D9776E}"
EndProject
Project("{FAE04EC0-301F-11D3-BF4B-00C04F79EFBC}") = "DataAccess", "DataAccess\DataAccess.csproj", "{9CC0D1DF-693E-42E2-8837-815890B264D1}"
EndProject
Project("{FAE04EC0-301F-11D3-BF4B-00C04F79EFBC}") = "API", "API\API.csproj", "{C5F3FA73-AAAE-4DDA-ABF2-7256D1ABB350}"
EndProject
Project("{FAE04EC0-301F-11D3-BF4B-00C04F79EFBC}") = "Application", "Application\Application.csproj", "{9AD3346F-439C-460F-A84F-BD7ADFAA81C5}"
EndProject
Global
	GlobalSection(SolutionConfigurationPlatforms) = preSolution
		Debug|Any CPU = Debug|Any CPU
		Release|Any CPU = Release|Any CPU
	EndGlobalSection
	GlobalSection(ProjectConfigurationPlatforms) = postSolution
		{2CDC593E-9294-43CF-9AAA-7CC1B54198E2}.Debug|Any CPU.ActiveCfg = Debug|Any CPU
		{2CDC593E-9294-43CF-9AAA-7CC1B54198E2}.Debug|Any CPU.Build.0 = Debug|Any CPU
		{2CDC593E-9294-43CF-9AAA-7CC1B54198E2}.Release|Any CPU.ActiveCfg = Release|Any CPU
		{2CDC593E-9294-43CF-9AAA-7CC1B54198E2}.Release|Any CPU.Build.0 = Release|Any CPU
		{08F22205-58A5-4607-AD6B-D6B1F3D9776E}.Debug|Any CPU.ActiveCfg = Debug|Any CPU
		{08F22205-58A5-4607-AD6B-D6B1F3D9776E}.Debug|Any CPU.Build.0 = Debug|Any CPU
		{08F22205-58A5-4607-AD6B-D6B1F3D9776E}.Release|Any CPU.ActiveCfg = Release|Any CPU
		{08F22205-58A5-4607-AD6B-D6B1F3D9776E}.Release|Any CPU.Build.0 = Release|Any CPU
		{9CC0D1DF-693E-42E2-8837-815890B264D1}.Debug|Any CPU.ActiveCfg = Debug|Any CPU
		{9CC0D1DF-693E-42E2-8837-815890B264D1}.Debug|Any CPU.Build.0 = Debug|Any CPU
		{9CC0D1DF-693E-42E2-8837-815890B264D1}.Release|Any CPU.ActiveCfg = Release|Any CPU
		{9CC0D1DF-693E-42E2-8837-815890B264D1}.Release|Any CPU.Build.0 = Release|Any CPU
		{C5F3FA73-AAAE-4DDA-ABF2-7256D1ABB350}.Debug|Any CPU.ActiveCfg = Debug|Any CPU
		{C5F3FA73-AAAE-4DDA-ABF2-7256D1ABB350}.Debug|Any CPU.Build.0 = Debug|Any CPU
		{C5F3FA73-AAAE-4DDA-ABF2-7256D1ABB350}.Release|Any CPU.ActiveCfg = Release|Any CPU
		{C5F3FA73-AAAE-4DDA-ABF2-7256D1ABB350}.Release|Any CPU.Build.0 = Release|Any CPU
		{9AD3346F-439C-460F-A84F-BD7ADFAA81C5}.Debug|Any CPU.ActiveCfg = Debug|Any CPU
		{9AD3346F-439C-460F-A84F-BD7ADFAA81C5}.Debug|Any CPU.Build.0 = Debug|Any CPU
		{9AD3346F-439C-460F-A84F-BD7ADFAA81C5}.Release|Any CPU.ActiveCfg = Release|Any CPU
		{9AD3346F-439C-460F-A84F-BD7ADFAA81C5}.Release|Any CPU.Build.0 = Release|Any CPU
	EndGlobalSection
	GlobalSection(SolutionProperties) = preSolution
		HideSolutionNode = FALSE
	EndGlobalSection
	GlobalSection(ExtensibilityGlobals) = postSolution
		SolutionGuid = {19117885-56E7-47DF-9231-77188E38CF53}
	EndGlobalSection
EndGlobal
